
Microsoft Visual Studio Solution File, Format Version 12.00
# Visual Studio 15
VisualStudioVersion = 15.0.27428.2002
MinimumVisualStudioVersion = 10.0.40219.1
Project("{8BC9CEB8-8B4A-11D0-8D11-00A0C91BC942}") = "DX9", "DX3DTest\DX3DTest.vcxproj", "{80545973-8C9A-487E-B165-0FDF7DA5BED3}"
EndProject
Global
	GlobalSection(SolutionConfigurationPlatforms) = preSolution
		Debug|x64 = Debug|x64
		Debug|x86 = Debug|x86
		Release|x64 = Release|x64
		Release|x86 = Release|x86
	EndGlobalSection
	GlobalSection(ProjectConfigurationPlatforms) = postSolution
		{80545973-8C9A-487E-B165-0FDF7DA5BED3}.Debug|x64.ActiveCfg = Debug|x64
		{80545973-8C9A-487E-B165-0FDF7DA5BED3}.Debug|x64.Build.0 = Debug|x64
		{80545973-8C9A-487E-B165-0FDF7DA5BED3}.Debug|x86.ActiveCfg = Debug|Win32
		{80545973-8C9A-487E-B165-0FDF7DA5BED3}.Debug|x86.Build.0 = Debug|Win32
		{80545973-8C9A-487E-B165-0FDF7DA5BED3}.Release|x64.ActiveCfg = Release|x64
		{80545973-8C9A-487E-B165-0FDF7DA5BED3}.Release|x64.Build.0 = Release|x64
		{80545973-8C9A-487E-B165-0FDF7DA5BED3}.Release|x86.ActiveCfg = Release|Win32
		{80545973-8C9A-487E-B165-0FDF7DA5BED3}.Release|x86.Build.0 = Release|Win32
	EndGlobalSection
	GlobalSection(SolutionProperties) = preSolution
		HideSolutionNode = FALSE
	EndGlobalSection
	GlobalSection(ExtensibilityGlobals) = postSolution
		SolutionGuid = {1C1287C9-C5B0-4D97-9AD0-356BC637CC09}
	EndGlobalSection
EndGlobal
